{
  "version": 4,
  "terraform_version": "1.5.7",
  "serial": 26,
  "lineage": "a477676b-ae05-7d7a-3b95-d27a3781816d",
  "outputs": {},
  "resources": [
    {
      "mode": "data",
      "type": "aws_region",
      "name": "current",
      "provider": "provider[\"registry.terraform.io/hashicorp/aws\"]",
      "instances": [
        {
          "schema_version": 0,
          "attributes": {
            "description": "US East (N. Virginia)",
            "endpoint": "ec2.us-east-1.amazonaws.com",
            "id": "us-east-1",
            "name": "us-east-1"
          },
          "sensitive_attributes": []
        }
      ]
    },
    {
      "mode": "data",
      "type": "postgresql_tables",
      "name": "my_tables",
      "provider": "provider[\"registry.terraform.io/cyrilgdn/postgresql\"]",
      "instances": [
        {
          "schema_version": 0,
          "attributes": {
            "database": "be",
            "id": "be_ANY (array[])_ANY (array[])_ANY (array[])_ALL (array[])_ALL (array[])_",
            "like_all_patterns": null,
            "like_any_patterns": null,
            "not_like_all_patterns": null,
            "regex_pattern": null,
            "schemas": null,
            "table_types": null,
            "tables": [
              {
                "object_name": "pg_type",
                "schema_name": "pg_catalog",
                "table_type": "BASE TABLE"
              },
              {
                "object_name": "pg_foreign_table",
                "schema_name": "pg_catalog",
                "table_type": "BASE TABLE"
              },
              {
                "object_name": "pg_roles",
                "schema_name": "pg_catalog",
                "table_type": "VIEW"
              },
              {
                "object_name": "pg_settings",
                "schema_name": "pg_catalog",
                "table_type": "VIEW"
              },
              {
                "object_name": "pg_shmem_allocations",
                "schema_name": "pg_catalog",
                "table_type": "VIEW"
              },
              {
                "object_name": "pg_backend_memory_contexts",
                "schema_name": "pg_catalog",
                "table_type": "VIEW"
              },
              {
                "object_name": "pg_stat_activity",
                "schema_name": "pg_catalog",
                "table_type": "VIEW"
              },
              {
                "object_name": "pg_subscription",
                "schema_name": "pg_catalog",
                "table_type": "BASE TABLE"
              },
              {
                "object_name": "pg_attribute",
                "schema_name": "pg_catalog",
                "table_type": "BASE TABLE"
              },
              {
                "object_name": "pg_proc",
                "schema_name": "pg_catalog",
                "table_type": "BASE TABLE"
              },
              {
                "object_name": "pg_class",
                "schema_name": "pg_catalog",
                "table_type": "BASE TABLE"
              },
              {
                "object_name": "pg_attrdef",
                "schema_name": "pg_catalog",
                "table_type": "BASE TABLE"
              },
              {
                "object_name": "pg_constraint",
                "schema_name": "pg_catalog",
                "table_type": "BASE TABLE"
              },
              {
                "object_name": "pg_inherits",
                "schema_name": "pg_catalog",
                "table_type": "BASE TABLE"
              },
              {
                "object_name": "pg_index",
                "schema_name": "pg_catalog",
                "table_type": "BASE TABLE"
              },
              {
                "object_name": "pg_stat_replication",
                "schema_name": "pg_catalog",
                "table_type": "VIEW"
              },
              {
                "object_name": "pg_stat_slru",
                "schema_name": "pg_catalog",
                "table_type": "VIEW"
              },
              {
                "object_name": "pg_stat_wal_receiver",
                "schema_name": "pg_catalog",
                "table_type": "VIEW"
              },
              {
                "object_name": "pg_stat_recovery_prefetch",
                "schema_name": "pg_catalog",
                "table_type": "VIEW"
              },
              {
                "object_name": "pg_operator",
                "schema_name": "pg_catalog",
                "table_type": "BASE TABLE"
              },
              {
                "object_name": "pg_opfamily",
                "schema_name": "pg_catalog",
                "table_type": "BASE TABLE"
              },
              {
                "object_name": "pg_opclass",
                "schema_name": "pg_catalog",
                "table_type": "BASE TABLE"
              },
              {
                "object_name": "pg_am",
                "schema_name": "pg_catalog",
                "table_type": "BASE TABLE"
              },
              {
                "object_name": "pg_amop",
                "schema_name": "pg_catalog",
                "table_type": "BASE TABLE"
              },
              {
                "object_name": "pg_amproc",
                "schema_name": "pg_catalog",
                "table_type": "BASE TABLE"
              },
              {
                "object_name": "pg_language",
                "schema_name": "pg_catalog",
                "table_type": "BASE TABLE"
              },
              {
                "object_name": "pg_largeobject_metadata",
                "schema_name": "pg_catalog",
                "table_type": "BASE TABLE"
              },
              {
                "object_name": "pg_aggregate",
                "schema_name": "pg_catalog",
                "table_type": "BASE TABLE"
              },
              {
                "object_name": "pg_statistic_ext",
                "schema_name": "pg_catalog",
                "table_type": "BASE TABLE"
              },
              {
                "object_name": "pg_rewrite",
                "schema_name": "pg_catalog",
                "table_type": "BASE TABLE"
              },
              {
                "object_name": "pg_trigger",
                "schema_name": "pg_catalog",
                "table_type": "BASE TABLE"
              },
              {
                "object_name": "pg_event_trigger",
                "schema_name": "pg_catalog",
                "table_type": "BASE TABLE"
              },
              {
                "object_name": "pg_description",
                "schema_name": "pg_catalog",
                "table_type": "BASE TABLE"
              },
              {
                "object_name": "pg_cast",
                "schema_name": "pg_catalog",
                "table_type": "BASE TABLE"
              },
              {
                "object_name": "pg_enum",
                "schema_name": "pg_catalog",
                "table_type": "BASE TABLE"
              },
              {
                "object_name": "pg_namespace",
                "schema_name": "pg_catalog",
                "table_type": "BASE TABLE"
              },
              {
                "object_name": "pg_conversion",
                "schema_name": "pg_catalog",
                "table_type": "BASE TABLE"
              },
              {
                "object_name": "pg_depend",
                "schema_name": "pg_catalog",
                "table_type": "BASE TABLE"
              },
              {
                "object_name": "pg_database",
                "schema_name": "pg_catalog",
                "table_type": "BASE TABLE"
              },
              {
                "object_name": "pg_db_role_setting",
                "schema_name": "pg_catalog",
                "table_type": "BASE TABLE"
              },
              {
                "object_name": "pg_tablespace",
                "schema_name": "pg_catalog",
                "table_type": "BASE TABLE"
              },
              {
                "object_name": "pg_auth_members",
                "schema_name": "pg_catalog",
                "table_type": "BASE TABLE"
              },
              {
                "object_name": "pg_shdepend",
                "schema_name": "pg_catalog",
                "table_type": "BASE TABLE"
              },
              {
                "object_name": "pg_shdescription",
                "schema_name": "pg_catalog",
                "table_type": "BASE TABLE"
              },
              {
                "object_name": "pg_ts_config",
                "schema_name": "pg_catalog",
                "table_type": "BASE TABLE"
              },
              {
                "object_name": "pg_ts_config_map",
                "schema_name": "pg_catalog",
                "table_type": "BASE TABLE"
              },
              {
                "object_name": "pg_ts_dict",
                "schema_name": "pg_catalog",
                "table_type": "BASE TABLE"
              },
              {
                "object_name": "pg_ts_parser",
                "schema_name": "pg_catalog",
                "table_type": "BASE TABLE"
              },
              {
                "object_name": "pg_ts_template",
                "schema_name": "pg_catalog",
                "table_type": "BASE TABLE"
              },
              {
                "object_name": "pg_extension",
                "schema_name": "pg_catalog",
                "table_type": "BASE TABLE"
              },
              {
                "object_name": "pg_foreign_data_wrapper",
                "schema_name": "pg_catalog",
                "table_type": "BASE TABLE"
              },
              {
                "object_name": "pg_foreign_server",
                "schema_name": "pg_catalog",
                "table_type": "BASE TABLE"
              },
              {
                "object_name": "pg_policy",
                "schema_name": "pg_catalog",
                "table_type": "BASE TABLE"
              },
              {
                "object_name": "pg_replication_origin",
                "schema_name": "pg_catalog",
                "table_type": "BASE TABLE"
              },
              {
                "object_name": "pg_default_acl",
                "schema_name": "pg_catalog",
                "table_type": "BASE TABLE"
              },
              {
                "object_name": "pg_init_privs",
                "schema_name": "pg_catalog",
                "table_type": "BASE TABLE"
              },
              {
                "object_name": "pg_seclabel",
                "schema_name": "pg_catalog",
                "table_type": "BASE TABLE"
              },
              {
                "object_name": "pg_shseclabel",
                "schema_name": "pg_catalog",
                "table_type": "BASE TABLE"
              },
              {
                "object_name": "pg_collation",
                "schema_name": "pg_catalog",
                "table_type": "BASE TABLE"
              },
              {
                "object_name": "pg_parameter_acl",
                "schema_name": "pg_catalog",
                "table_type": "BASE TABLE"
              },
              {
                "object_name": "pg_partitioned_table",
                "schema_name": "pg_catalog",
                "table_type": "BASE TABLE"
              },
              {
                "object_name": "pg_range",
                "schema_name": "pg_catalog",
                "table_type": "BASE TABLE"
              },
              {
                "object_name": "pg_transform",
                "schema_name": "pg_catalog",
                "table_type": "BASE TABLE"
              },
              {
                "object_name": "pg_sequence",
                "schema_name": "pg_catalog",
                "table_type": "BASE TABLE"
              },
              {
                "object_name": "pg_publication",
                "schema_name": "pg_catalog",
                "table_type": "BASE TABLE"
              },
              {
                "object_name": "pg_publication_namespace",
                "schema_name": "pg_catalog",
                "table_type": "BASE TABLE"
              },
              {
                "object_name": "pg_publication_rel",
                "schema_name": "pg_catalog",
                "table_type": "BASE TABLE"
              },
              {
                "object_name": "pg_subscription_rel",
                "schema_name": "pg_catalog",
                "table_type": "BASE TABLE"
              },
              {
                "object_name": "pg_group",
                "schema_name": "pg_catalog",
                "table_type": "VIEW"
              },
              {
                "object_name": "pg_user",
                "schema_name": "pg_catalog",
                "table_type": "VIEW"
              },
              {
                "object_name": "pg_policies",
                "schema_name": "pg_catalog",
                "table_type": "VIEW"
              },
              {
                "object_name": "pg_rules",
                "schema_name": "pg_catalog",
                "table_type": "VIEW"
              },
              {
                "object_name": "pg_views",
                "schema_name": "pg_catalog",
                "table_type": "VIEW"
              },
              {
                "object_name": "pg_tables",
                "schema_name": "pg_catalog",
                "table_type": "VIEW"
              },
              {
                "object_name": "pg_matviews",
                "schema_name": "pg_catalog",
                "table_type": "VIEW"
              },
              {
                "object_name": "pg_indexes",
                "schema_name": "pg_catalog",
                "table_type": "VIEW"
              },
              {
                "object_name": "pg_sequences",
                "schema_name": "pg_catalog",
                "table_type": "VIEW"
              },
              {
                "object_name": "pg_stats",
                "schema_name": "pg_catalog",
                "table_type": "VIEW"
              },
              {
                "object_name": "pg_stats_ext",
                "schema_name": "pg_catalog",
                "table_type": "VIEW"
              },
              {
                "object_name": "pg_stats_ext_exprs",
                "schema_name": "pg_catalog",
                "table_type": "VIEW"
              },
              {
                "object_name": "pg_publication_tables",
                "schema_name": "pg_catalog",
                "table_type": "VIEW"
              },
              {
                "object_name": "pg_locks",
                "schema_name": "pg_catalog",
                "table_type": "VIEW"
              },
              {
                "object_name": "pg_cursors",
                "schema_name": "pg_catalog",
                "table_type": "VIEW"
              },
              {
                "object_name": "pg_available_extensions",
                "schema_name": "pg_catalog",
                "table_type": "VIEW"
              },
              {
                "object_name": "pg_available_extension_versions",
                "schema_name": "pg_catalog",
                "table_type": "VIEW"
              },
              {
                "object_name": "pg_prepared_xacts",
                "schema_name": "pg_catalog",
                "table_type": "VIEW"
              },
              {
                "object_name": "pg_prepared_statements",
                "schema_name": "pg_catalog",
                "table_type": "VIEW"
              },
              {
                "object_name": "pg_seclabels",
                "schema_name": "pg_catalog",
                "table_type": "VIEW"
              },
              {
                "object_name": "pg_timezone_abbrevs",
                "schema_name": "pg_catalog",
                "table_type": "VIEW"
              },
              {
                "object_name": "pg_timezone_names",
                "schema_name": "pg_catalog",
                "table_type": "VIEW"
              },
              {
                "object_name": "pg_stat_sys_tables",
                "schema_name": "pg_catalog",
                "table_type": "VIEW"
              },
              {
                "object_name": "pg_stat_xact_sys_tables",
                "schema_name": "pg_catalog",
                "table_type": "VIEW"
              },
              {
                "object_name": "pg_stat_user_tables",
                "schema_name": "pg_catalog",
                "table_type": "VIEW"
              },
              {
                "object_name": "pg_stat_all_tables",
                "schema_name": "pg_catalog",
                "table_type": "VIEW"
              },
              {
                "object_name": "pg_stat_xact_all_tables",
                "schema_name": "pg_catalog",
                "table_type": "VIEW"
              },
              {
                "object_name": "pg_stat_xact_user_tables",
                "schema_name": "pg_catalog",
                "table_type": "VIEW"
              },
              {
                "object_name": "pg_statio_all_tables",
                "schema_name": "pg_catalog",
                "table_type": "VIEW"
              },
              {
                "object_name": "pg_statio_sys_tables",
                "schema_name": "pg_catalog",
                "table_type": "VIEW"
              },
              {
                "object_name": "pg_statio_user_tables",
                "schema_name": "pg_catalog",
                "table_type": "VIEW"
              },
              {
                "object_name": "pg_stat_all_indexes",
                "schema_name": "pg_catalog",
                "table_type": "VIEW"
              },
              {
                "object_name": "pg_stat_sys_indexes",
                "schema_name": "pg_catalog",
                "table_type": "VIEW"
              },
              {
                "object_name": "pg_stat_user_indexes",
                "schema_name": "pg_catalog",
                "table_type": "VIEW"
              },
              {
                "object_name": "pg_statio_all_indexes",
                "schema_name": "pg_catalog",
                "table_type": "VIEW"
              },
              {
                "object_name": "pg_statio_sys_indexes",
                "schema_name": "pg_catalog",
                "table_type": "VIEW"
              },
              {
                "object_name": "pg_statio_user_indexes",
                "schema_name": "pg_catalog",
                "table_type": "VIEW"
              },
              {
                "object_name": "pg_statio_all_sequences",
                "schema_name": "pg_catalog",
                "table_type": "VIEW"
              },
              {
                "object_name": "pg_statio_sys_sequences",
                "schema_name": "pg_catalog",
                "table_type": "VIEW"
              },
              {
                "object_name": "pg_statio_user_sequences",
                "schema_name": "pg_catalog",
                "table_type": "VIEW"
              },
              {
                "object_name": "pg_stat_subscription",
                "schema_name": "pg_catalog",
                "table_type": "VIEW"
              },
              {
                "object_name": "pg_stat_ssl",
                "schema_name": "pg_catalog",
                "table_type": "VIEW"
              },
              {
                "object_name": "pg_stat_gssapi",
                "schema_name": "pg_catalog",
                "table_type": "VIEW"
              },
              {
                "object_name": "pg_replication_slots",
                "schema_name": "pg_catalog",
                "table_type": "VIEW"
              },
              {
                "object_name": "pg_stat_replication_slots",
                "schema_name": "pg_catalog",
                "table_type": "VIEW"
              },
              {
                "object_name": "pg_stat_database",
                "schema_name": "pg_catalog",
                "table_type": "VIEW"
              },
              {
                "object_name": "pg_stat_database_conflicts",
                "schema_name": "pg_catalog",
                "table_type": "VIEW"
              },
              {
                "object_name": "pg_stat_user_functions",
                "schema_name": "pg_catalog",
                "table_type": "VIEW"
              },
              {
                "object_name": "pg_stat_xact_user_functions",
                "schema_name": "pg_catalog",
                "table_type": "VIEW"
              },
              {
                "object_name": "pg_stat_archiver",
                "schema_name": "pg_catalog",
                "table_type": "VIEW"
              },
              {
                "object_name": "pg_stat_bgwriter",
                "schema_name": "pg_catalog",
                "table_type": "VIEW"
              },
              {
                "object_name": "pg_stat_wal",
                "schema_name": "pg_catalog",
                "table_type": "VIEW"
              },
              {
                "object_name": "pg_stat_progress_analyze",
                "schema_name": "pg_catalog",
                "table_type": "VIEW"
              },
              {
                "object_name": "pg_stat_progress_vacuum",
                "schema_name": "pg_catalog",
                "table_type": "VIEW"
              },
              {
                "object_name": "pg_stat_progress_cluster",
                "schema_name": "pg_catalog",
                "table_type": "VIEW"
              },
              {
                "object_name": "pg_stat_progress_create_index",
                "schema_name": "pg_catalog",
                "table_type": "VIEW"
              },
              {
                "object_name": "pg_stat_progress_basebackup",
                "schema_name": "pg_catalog",
                "table_type": "VIEW"
              },
              {
                "object_name": "pg_stat_progress_copy",
                "schema_name": "pg_catalog",
                "table_type": "VIEW"
              },
              {
                "object_name": "pg_user_mappings",
                "schema_name": "pg_catalog",
                "table_type": "VIEW"
              },
              {
                "object_name": "pg_stat_subscription_stats",
                "schema_name": "pg_catalog",
                "table_type": "VIEW"
              },
              {
                "object_name": "role_column_grants",
                "schema_name": "information_schema",
                "table_type": "VIEW"
              },
              {
                "object_name": "information_schema_catalog_name",
                "schema_name": "information_schema",
                "table_type": "VIEW"
              },
              {
                "object_name": "column_domain_usage",
                "schema_name": "information_schema",
                "table_type": "VIEW"
              },
              {
                "object_name": "applicable_roles",
                "schema_name": "information_schema",
                "table_type": "VIEW"
              },
              {
                "object_name": "administrable_role_authorizations",
                "schema_name": "information_schema",
                "table_type": "VIEW"
              },
              {
                "object_name": "domain_constraints",
                "schema_name": "information_schema",
                "table_type": "VIEW"
              },
              {
                "object_name": "attributes",
                "schema_name": "information_schema",
                "table_type": "VIEW"
              },
              {
                "object_name": "column_privileges",
                "schema_name": "information_schema",
                "table_type": "VIEW"
              },
              {
                "object_name": "character_sets",
                "schema_name": "information_schema",
                "table_type": "VIEW"
              },
              {
                "object_name": "check_constraint_routine_usage",
                "schema_name": "information_schema",
                "table_type": "VIEW"
              },
              {
                "object_name": "check_constraints",
                "schema_name": "information_schema",
                "table_type": "VIEW"
              },
              {
                "object_name": "column_udt_usage",
                "schema_name": "information_schema",
                "table_type": "VIEW"
              },
              {
                "object_name": "collations",
                "schema_name": "information_schema",
                "table_type": "VIEW"
              },
              {
                "object_name": "collation_character_set_applicability",
                "schema_name": "information_schema",
                "table_type": "VIEW"
              },
              {
                "object_name": "key_column_usage",
                "schema_name": "information_schema",
                "table_type": "VIEW"
              },
              {
                "object_name": "column_column_usage",
                "schema_name": "information_schema",
                "table_type": "VIEW"
              },
              {
                "object_name": "columns",
                "schema_name": "information_schema",
                "table_type": "VIEW"
              },
              {
                "object_name": "domain_udt_usage",
                "schema_name": "information_schema",
                "table_type": "VIEW"
              },
              {
                "object_name": "constraint_column_usage",
                "schema_name": "information_schema",
                "table_type": "VIEW"
              },
              {
                "object_name": "constraint_table_usage",
                "schema_name": "information_schema",
                "table_type": "VIEW"
              },
              {
                "object_name": "domains",
                "schema_name": "information_schema",
                "table_type": "VIEW"
              },
              {
                "object_name": "referential_constraints",
                "schema_name": "information_schema",
                "table_type": "VIEW"
              },
              {
                "object_name": "enabled_roles",
                "schema_name": "information_schema",
                "table_type": "VIEW"
              },
              {
                "object_name": "parameters",
                "schema_name": "information_schema",
                "table_type": "VIEW"
              },
              {
                "object_name": "routine_column_usage",
                "schema_name": "information_schema",
                "table_type": "VIEW"
              },
              {
                "object_name": "routine_privileges",
                "schema_name": "information_schema",
                "table_type": "VIEW"
              },
              {
                "object_name": "role_routine_grants",
                "schema_name": "information_schema",
                "table_type": "VIEW"
              },
              {
                "object_name": "routine_routine_usage",
                "schema_name": "information_schema",
                "table_type": "VIEW"
              },
              {
                "object_name": "table_privileges",
                "schema_name": "information_schema",
                "table_type": "VIEW"
              },
              {
                "object_name": "routine_sequence_usage",
                "schema_name": "information_schema",
                "table_type": "VIEW"
              },
              {
                "object_name": "routine_table_usage",
                "schema_name": "information_schema",
                "table_type": "VIEW"
              },
              {
                "object_name": "udt_privileges",
                "schema_name": "information_schema",
                "table_type": "VIEW"
              },
              {
                "object_name": "routines",
                "schema_name": "information_schema",
                "table_type": "VIEW"
              },
              {
                "object_name": "role_table_grants",
                "schema_name": "information_schema",
                "table_type": "VIEW"
              },
              {
                "object_name": "schemata",
                "schema_name": "information_schema",
                "table_type": "VIEW"
              },
              {
                "object_name": "sequences",
                "schema_name": "information_schema",
                "table_type": "VIEW"
              },
              {
                "object_name": "sql_features",
                "schema_name": "information_schema",
                "table_type": "BASE TABLE"
              },
              {
                "object_name": "tables",
                "schema_name": "information_schema",
                "table_type": "VIEW"
              },
              {
                "object_name": "sql_implementation_info",
                "schema_name": "information_schema",
                "table_type": "BASE TABLE"
              },
              {
                "object_name": "sql_parts",
                "schema_name": "information_schema",
                "table_type": "BASE TABLE"
              },
              {
                "object_name": "sql_sizing",
                "schema_name": "information_schema",
                "table_type": "BASE TABLE"
              },
              {
                "object_name": "transforms",
                "schema_name": "information_schema",
                "table_type": "VIEW"
              },
              {
                "object_name": "table_constraints",
                "schema_name": "information_schema",
                "table_type": "VIEW"
              },
              {
                "object_name": "view_routine_usage",
                "schema_name": "information_schema",
                "table_type": "VIEW"
              },
              {
                "object_name": "role_udt_grants",
                "schema_name": "information_schema",
                "table_type": "VIEW"
              },
              {
                "object_name": "triggered_update_columns",
                "schema_name": "information_schema",
                "table_type": "VIEW"
              },
              {
                "object_name": "triggers",
                "schema_name": "information_schema",
                "table_type": "VIEW"
              },
              {
                "object_name": "user_defined_types",
                "schema_name": "information_schema",
                "table_type": "VIEW"
              },
              {
                "object_name": "usage_privileges",
                "schema_name": "information_schema",
                "table_type": "VIEW"
              },
              {
                "object_name": "role_usage_grants",
                "schema_name": "information_schema",
                "table_type": "VIEW"
              },
              {
                "object_name": "view_column_usage",
                "schema_name": "information_schema",
                "table_type": "VIEW"
              },
              {
                "object_name": "view_table_usage",
                "schema_name": "information_schema",
                "table_type": "VIEW"
              },
              {
                "object_name": "views",
                "schema_name": "information_schema",
                "table_type": "VIEW"
              },
              {
                "object_name": "data_type_privileges",
                "schema_name": "information_schema",
                "table_type": "VIEW"
              },
              {
                "object_name": "_pg_foreign_table_columns",
                "schema_name": "information_schema",
                "table_type": "VIEW"
              },
              {
                "object_name": "element_types",
                "schema_name": "information_schema",
                "table_type": "VIEW"
              },
              {
                "object_name": "column_options",
                "schema_name": "information_schema",
                "table_type": "VIEW"
              },
              {
                "object_name": "_pg_foreign_data_wrappers",
                "schema_name": "information_schema",
                "table_type": "VIEW"
              },
              {
                "object_name": "foreign_data_wrapper_options",
                "schema_name": "information_schema",
                "table_type": "VIEW"
              },
              {
                "object_name": "foreign_data_wrappers",
                "schema_name": "information_schema",
                "table_type": "VIEW"
              },
              {
                "object_name": "_pg_foreign_servers",
                "schema_name": "information_schema",
                "table_type": "VIEW"
              },
              {
                "object_name": "foreign_server_options",
                "schema_name": "information_schema",
                "table_type": "VIEW"
              },
              {
                "object_name": "foreign_servers",
                "schema_name": "information_schema",
                "table_type": "VIEW"
              },
              {
                "object_name": "_pg_foreign_tables",
                "schema_name": "information_schema",
                "table_type": "VIEW"
              },
              {
                "object_name": "foreign_table_options",
                "schema_name": "information_schema",
                "table_type": "VIEW"
              },
              {
                "object_name": "foreign_tables",
                "schema_name": "information_schema",
                "table_type": "VIEW"
              },
              {
                "object_name": "_pg_user_mappings",
                "schema_name": "information_schema",
                "table_type": "VIEW"
              },
              {
                "object_name": "user_mapping_options",
                "schema_name": "information_schema",
                "table_type": "VIEW"
              },
              {
                "object_name": "user_mappings",
                "schema_name": "information_schema",
                "table_type": "VIEW"
              }
            ]
          },
          "sensitive_attributes": []
        }
      ]
    },
    {
      "mode": "managed",
      "type": "postgresql_role",
      "name": "my_replication_user",
      "provider": "provider[\"registry.terraform.io/cyrilgdn/postgresql\"]",
      "instances": [
        {
          "schema_version": 0,
          "attributes": {
            "assume_role": "",
            "bypass_row_level_security": false,
            "connection_limit": 1,
            "create_database": false,
            "create_role": false,
            "encrypted": null,
            "encrypted_password": true,
            "id": "beuser",
            "idle_in_transaction_session_timeout": 0,
            "inherit": true,
            "login": true,
            "name": "beuser",
            "password": "md5c98cbfeb6a347a47eb8e96cfb4c4b890",
            "replication": false,
            "roles": null,
            "search_path": null,
            "skip_drop_role": false,
            "skip_reassign_owned": false,
            "statement_timeout": 0,
            "superuser": false,
            "valid_until": "infinity"
          },
          "sensitive_attributes": [],
          "private": "bnVsbA=="
        }
      ]
    },
    {
      "mode": "managed",
      "type": "random_password",
      "name": "db_pass",
      "provider": "provider[\"registry.terraform.io/hashicorp/random\"]",
      "instances": [
        {
          "schema_version": 3,
          "attributes": {
            "bcrypt_hash": "$2a$10$O.zPgPqvt88.WD8KrND4Q.evvh525PwiQQ2V3V67tOM1FnlseehD.",
            "id": "none",
            "keepers": null,
            "length": 16,
            "lower": true,
            "min_lower": 0,
            "min_numeric": 0,
            "min_special": 0,
            "min_upper": 0,
            "number": true,
            "numeric": true,
            "override_special": null,
            "result": "zXpYZL9suAUpl27c",
            "special": false,
            "upper": true
          },
          "sensitive_attributes": []
        }
      ]
    },
    {
      "module": "module.database",
      "mode": "data",
      "type": "aws_caller_identity",
      "name": "current",
      "provider": "provider[\"registry.terraform.io/hashicorp/aws\"]",
      "instances": [
        {
          "schema_version": 0,
          "attributes": {
            "account_id": "765827814541",
            "arn": "arn:aws:sts::765827814541:assumed-role/AWSReservedSSO_AdministratorAccess_1428b265890d3102/phani",
            "id": "765827814541",
            "user_id": "AROA3ETXFCSG75U7JAZ6N:phani"
          },
          "sensitive_attributes": []
        }
      ]
    },
    {
      "module": "module.database",
      "mode": "data",
      "type": "aws_region",
      "name": "current",
      "provider": "provider[\"registry.terraform.io/hashicorp/aws\"]",
      "instances": [
        {
          "schema_version": 0,
          "attributes": {
            "description": "US East (N. Virginia)",
            "endpoint": "ec2.us-east-1.amazonaws.com",
            "id": "us-east-1",
            "name": "us-east-1"
          },
          "sensitive_attributes": []
        }
      ]
    },
    {
      "module": "module.database",
      "mode": "data",
      "type": "aws_subnets",
      "name": "compute",
      "provider": "provider[\"registry.terraform.io/hashicorp/aws\"]",
      "instances": [
        {
          "schema_version": 0,
          "attributes": {
            "filter": [
              {
                "name": "vpc-id",
                "values": [
                  "vpc-04b979ade2810c650"
                ]
              }
            ],
            "id": "us-east-1",
            "ids": [
              "subnet-09aaab3ea7077c33f",
              "subnet-0f4e03d45e0bf0515",
              "subnet-08d5096f8e82a6dc5",
              "subnet-096fb8e48c4f9bfb7",
              "subnet-0661182d2dbd72db8",
              "subnet-09ff494f2e8eae257"
            ],
            "tags": null,
            "timeouts": null
          },
          "sensitive_attributes": []
        }
      ]
    },
    {
      "module": "module.database",
      "mode": "data",
      "type": "aws_subnets",
      "name": "data",
      "provider": "provider[\"registry.terraform.io/hashicorp/aws\"]",
      "instances": [
        {
          "schema_version": 0,
          "attributes": {
            "filter": [
              {
                "name": "vpc-id",
                "values": [
                  "vpc-04b979ade2810c650"
                ]
              }
            ],
            "id": "us-east-1",
            "ids": [
              "subnet-09aaab3ea7077c33f",
              "subnet-0f4e03d45e0bf0515",
              "subnet-08d5096f8e82a6dc5",
              "subnet-096fb8e48c4f9bfb7",
              "subnet-0661182d2dbd72db8",
              "subnet-09ff494f2e8eae257"
            ],
            "tags": null,
            "timeouts": null
          },
          "sensitive_attributes": []
        }
      ]
    },
    {
      "module": "module.database",
      "mode": "data",
      "type": "aws_vpc",
      "name": "default",
      "provider": "provider[\"registry.terraform.io/hashicorp/aws\"]",
      "instances": [
        {
          "schema_version": 0,
          "attributes": {
            "arn": "arn:aws:ec2:us-east-1:765827814541:vpc/vpc-04b979ade2810c650",
            "cidr_block": "172.31.0.0/16",
            "cidr_block_associations": [
              {
                "association_id": "vpc-cidr-assoc-05039fdfde4346a33",
                "cidr_block": "172.31.0.0/16",
                "state": "associated"
              }
            ],
            "default": true,
            "dhcp_options_id": "dopt-0bd312f1ad80c4be8",
            "enable_dns_hostnames": true,
            "enable_dns_support": true,
            "enable_network_address_usage_metrics": false,
            "filter": [
              {
                "name": "tag:Name",
                "values": [
                  "default"
                ]
              }
            ],
            "id": "vpc-04b979ade2810c650",
            "instance_tenancy": "default",
            "ipv6_association_id": "",
            "ipv6_cidr_block": "",
            "main_route_table_id": "rtb-02b9bb3f29b4d83aa",
            "owner_id": "765827814541",
            "state": null,
            "tags": {
              "Name": "default"
            },
            "timeouts": null
          },
          "sensitive_attributes": []
        }
      ]
    },
    {
      "module": "module.database",
      "mode": "managed",
      "type": "aws_db_instance",
      "name": "default",
      "provider": "provider[\"registry.terraform.io/hashicorp/aws\"]",
      "instances": [
        {
          "schema_version": 2,
          "attributes": {
            "address": "be-dev-db-postgresql.co9dh8tdl1f4.us-east-1.rds.amazonaws.com",
            "allocated_storage": 50,
            "allow_major_version_upgrade": true,
            "apply_immediately": true,
            "arn": "arn:aws:rds:us-east-1:765827814541:db:be-dev-db-postgresql",
            "auto_minor_version_upgrade": false,
            "availability_zone": "us-east-1b",
            "backup_retention_period": 1,
            "backup_target": "region",
            "backup_window": "00:30-05:30",
            "blue_green_update": [],
            "ca_cert_identifier": "rds-ca-rsa2048-g1",
            "character_set_name": "",
            "copy_tags_to_snapshot": false,
            "custom_iam_instance_profile": "",
            "customer_owned_ip_enabled": false,
            "db_name": "be",
            "db_subnet_group_name": "be-dev-be-db-sg",
            "delete_automated_backups": true,
            "deletion_protection": false,
            "domain": "",
            "domain_iam_role_name": "",
            "enabled_cloudwatch_logs_exports": [],
            "endpoint": "be-dev-db-postgresql.co9dh8tdl1f4.us-east-1.rds.amazonaws.com:5432",
            "engine": "postgres",
            "engine_version": "15.3",
            "engine_version_actual": "15.3",
            "final_snapshot_identifier": "be-dev-db-postgresql-final-snapshot",
            "hosted_zone_id": "Z2R2ITUGPM61AM",
            "iam_database_authentication_enabled": false,
            "id": "db-SPXIPH4MICZSRW5Y6EZMP2AE2Q",
            "identifier": "be-dev-db-postgresql",
            "identifier_prefix": "",
            "instance_class": "db.t3.micro",
            "iops": 3000,
            "kms_key_id": "arn:aws:kms:us-east-1:765827814541:key/de7b8a76-ac2e-464c-b2d6-e5399ba92d1f",
            "latest_restorable_time": "2023-09-19T16:29:31Z",
            "license_model": "postgresql-license",
            "listener_endpoint": [],
            "maintenance_window": "sun:09:00-sun:11:59",
            "manage_master_user_password": null,
            "master_user_secret": [],
            "master_user_secret_kms_key_id": null,
            "max_allocated_storage": 100,
            "monitoring_interval": 0,
            "monitoring_role_arn": "",
            "multi_az": false,
            "nchar_character_set_name": "",
            "network_type": "IPV4",
            "option_group_name": "default:postgres-15",
            "parameter_group_name": "be-dev-be-pg",
            "password": "zXpYZL9suAUpl27c",
            "performance_insights_enabled": false,
            "performance_insights_kms_key_id": "",
            "performance_insights_retention_period": 0,
            "port": 5432,
            "publicly_accessible": true,
            "replica_mode": "",
            "replicas": [],
            "replicate_source_db": "",
            "resource_id": "db-SPXIPH4MICZSRW5Y6EZMP2AE2Q",
            "restore_to_point_in_time": [],
            "s3_import": [],
            "skip_final_snapshot": false,
            "snapshot_identifier": "",
            "status": "available",
            "storage_encrypted": true,
            "storage_throughput": 125,
            "storage_type": "gp3",
            "tags": {
              "Name": "be-dev-db-postgresql",
              "appid": "APP-696",
              "cloud_provider": "aws",
              "cloudaware:scheduler": "default=on",
              "env": "dev",
              "lob": "be",
              "platform": "microservices",
              "project": "be"
            },
            "tags_all": {
              "Name": "be-dev-db-postgresql",
              "appid": "APP-696",
              "cloud_provider": "aws",
              "cloudaware:scheduler": "default=on",
              "env": "dev",
              "lob": "be",
              "platform": "microservices",
              "project": "be"
            },
            "timeouts": null,
            "timezone": "",
            "username": "postgres",
            "vpc_security_group_ids": [
              "sg-06c2f648df63043f2"
            ]
          },
          "sensitive_attributes": [
            [
              {
                "type": "get_attr",
                "value": "password"
              }
            ]
          ],
          "private": "eyJlMmJmYjczMC1lY2FhLTExZTYtOGY4OC0zNDM2M2JjN2M0YzAiOnsiY3JlYXRlIjoyNDAwMDAwMDAwMDAwLCJkZWxldGUiOjM2MDAwMDAwMDAwMDAsInVwZGF0ZSI6NDgwMDAwMDAwMDAwMH0sInNjaGVtYV92ZXJzaW9uIjoiMiJ9",
          "dependencies": [
            "module.database.aws_db_parameter_group.parameter_group",
            "module.database.aws_db_subnet_group.db",
            "module.database.aws_kms_key.rds_kms",
            "module.database.aws_security_group.rds_postgres",
            "module.database.data.aws_subnets.data",
            "module.database.data.aws_vpc.default",
            "random_password.db_pass"
          ]
        }
      ]
    },
    {
      "module": "module.database",
      "mode": "managed",
      "type": "aws_db_parameter_group",
      "name": "parameter_group",
      "provider": "provider[\"registry.terraform.io/hashicorp/aws\"]",
      "instances": [
        {
          "schema_version": 0,
          "attributes": {
            "arn": "arn:aws:rds:us-east-1:765827814541:pg:be-dev-be-pg",
            "description": "Managed by Terraform",
            "family": "postgres15",
            "id": "be-dev-be-pg",
            "name": "be-dev-be-pg",
            "name_prefix": null,
            "parameter": [
              {
                "apply_method": "pending-reboot",
                "name": "rds.force_ssl",
                "value": "1"
              }
            ],
            "tags": {},
            "tags_all": {
              "appid": "APP-696"
            }
          },
          "sensitive_attributes": [],
          "private": "bnVsbA=="
        }
      ]
    },
    {
      "module": "module.database",
      "mode": "managed",
      "type": "aws_db_subnet_group",
      "name": "db",
      "provider": "provider[\"registry.terraform.io/hashicorp/aws\"]",
      "instances": [
        {
          "schema_version": 0,
          "attributes": {
            "arn": "arn:aws:rds:us-east-1:765827814541:subgrp:be-dev-be-db-sg",
            "description": "Managed by Terraform",
            "id": "be-dev-be-db-sg",
            "name": "be-dev-be-db-sg",
            "name_prefix": "",
            "subnet_ids": [
              "subnet-0661182d2dbd72db8",
              "subnet-08d5096f8e82a6dc5",
              "subnet-096fb8e48c4f9bfb7",
              "subnet-09aaab3ea7077c33f",
              "subnet-09ff494f2e8eae257",
              "subnet-0f4e03d45e0bf0515"
            ],
            "supported_network_types": [
              "IPV4"
            ],
            "tags": {},
            "tags_all": {
              "appid": "APP-696"
            },
            "vpc_id": "vpc-04b979ade2810c650"
          },
          "sensitive_attributes": [],
          "private": "bnVsbA==",
          "dependencies": [
            "module.database.data.aws_subnets.data",
            "module.database.data.aws_vpc.default"
          ]
        }
      ]
    },
    {
      "module": "module.database",
      "mode": "managed",
      "type": "aws_kms_alias",
      "name": "rds_kms_alias",
      "provider": "provider[\"registry.terraform.io/hashicorp/aws\"]",
      "instances": [
        {
          "schema_version": 0,
          "attributes": {
            "arn": "arn:aws:kms:us-east-1:765827814541:alias/nyl-be-dev-cmk",
            "id": "alias/nyl-be-dev-cmk",
            "name": "alias/nyl-be-dev-cmk",
            "name_prefix": "",
            "target_key_arn": "arn:aws:kms:us-east-1:765827814541:key/de7b8a76-ac2e-464c-b2d6-e5399ba92d1f",
            "target_key_id": "de7b8a76-ac2e-464c-b2d6-e5399ba92d1f"
          },
          "sensitive_attributes": [],
          "private": "bnVsbA==",
          "dependencies": [
            "module.database.aws_kms_key.rds_kms"
          ]
        }
      ]
    },
    {
      "module": "module.database",
      "mode": "managed",
      "type": "aws_kms_key",
      "name": "rds_kms",
      "provider": "provider[\"registry.terraform.io/hashicorp/aws\"]",
      "instances": [
        {
          "schema_version": 0,
          "attributes": {
            "arn": "arn:aws:kms:us-east-1:765827814541:key/de7b8a76-ac2e-464c-b2d6-e5399ba92d1f",
            "bypass_policy_lockout_safety_check": false,
            "custom_key_store_id": "",
            "customer_master_key_spec": "SYMMETRIC_DEFAULT",
            "deletion_window_in_days": null,
            "description": "KMS for RDS encryption",
            "enable_key_rotation": false,
            "id": "de7b8a76-ac2e-464c-b2d6-e5399ba92d1f",
            "is_enabled": true,
            "key_id": "de7b8a76-ac2e-464c-b2d6-e5399ba92d1f",
            "key_usage": "ENCRYPT_DECRYPT",
            "multi_region": false,
            "policy": "{\"Statement\":[{\"Action\":\"kms:*\",\"Effect\":\"Allow\",\"Principal\":{\"AWS\":\"arn:aws:iam::765827814541:root\"},\"Resource\":\"*\",\"Sid\":\"Allow an external account to use this KMS key\"}],\"Version\":\"2012-10-17\"}",
            "tags": {},
            "tags_all": {
              "appid": "APP-696"
            }
          },
          "sensitive_attributes": [],
          "private": "bnVsbA=="
        }
      ]
    },
    {
      "module": "module.database",
      "mode": "managed",
      "type": "aws_kms_key_policy",
      "name": "rds_kms_policy",
      "provider": "provider[\"registry.terraform.io/hashicorp/aws\"]",
      "instances": [
        {
          "schema_version": 0,
          "attributes": {
            "bypass_policy_lockout_safety_check": false,
            "id": "de7b8a76-ac2e-464c-b2d6-e5399ba92d1f",
            "key_id": "de7b8a76-ac2e-464c-b2d6-e5399ba92d1f",
            "policy": "{\"Statement\":[{\"Action\":\"kms:*\",\"Effect\":\"Allow\",\"Principal\":{\"AWS\":[\"arn:aws:iam::765827814541:root\"]},\"Resource\":\"*\",\"Sid\":\"Allow an external account to use this KMS key\"}],\"Version\":\"2012-10-17\"}"
          },
          "sensitive_attributes": [],
          "private": "bnVsbA==",
          "dependencies": [
            "module.database.aws_kms_key.rds_kms",
            "module.database.data.aws_caller_identity.current"
          ]
        }
      ]
    },
    {
      "module": "module.database",
      "mode": "managed",
      "type": "aws_lambda_function",
      "name": "rotate",
      "provider": "provider[\"registry.terraform.io/hashicorp/aws\"]",
      "instances": [
        {
          "schema_version": 0,
          "attributes": {
            "architectures": [
              "x86_64"
            ],
            "arn": "arn:aws:lambda:us-east-1:765827814541:function:be-dev-rotate-rds-password-fn",
            "code_signing_config_arn": "",
            "dead_letter_config": [],
            "description": "Rotate RDS Password",
            "environment": [
              {
                "variables": {
                  "SECRETS_MANAGER_ENDPOINT": "https://secretsmanager.us-east-1.amazonaws.com"
                }
              }
            ],
            "ephemeral_storage": [
              {
                "size": 512
              }
            ],
            "file_system_config": [],
            "filename": "modules/aws-nyl-rds-postgresql/rotate_password.zip",
            "function_name": "be-dev-rotate-rds-password-fn",
            "handler": "lambda_function.lambda_handler",
            "id": "be-dev-rotate-rds-password-fn",
            "image_config": [],
            "image_uri": "",
            "invoke_arn": "arn:aws:apigateway:us-east-1:lambda:path/2015-03-31/functions/arn:aws:lambda:us-east-1:765827814541:function:be-dev-rotate-rds-password-fn/invocations",
            "kms_key_arn": "",
            "last_modified": "2023-09-19T14:08:16.099+0000",
            "layers": [],
            "memory_size": 128,
            "package_type": "Zip",
            "publish": false,
            "qualified_arn": "arn:aws:lambda:us-east-1:765827814541:function:be-dev-rotate-rds-password-fn:$LATEST",
            "qualified_invoke_arn": "arn:aws:apigateway:us-east-1:lambda:path/2015-03-31/functions/arn:aws:lambda:us-east-1:765827814541:function:be-dev-rotate-rds-password-fn:$LATEST/invocations",
            "replace_security_groups_on_destroy": null,
            "replacement_security_group_ids": null,
            "reserved_concurrent_executions": -1,
            "role": "arn:aws:iam::765827814541:role/be-dev-lambda-rds-rotate-role",
            "runtime": "python3.7",
            "s3_bucket": null,
            "s3_key": null,
            "s3_object_version": null,
            "signing_job_arn": "",
            "signing_profile_version_arn": "",
            "skip_destroy": false,
            "snap_start": [],
            "source_code_hash": "tMEZ2JAxBdR0S1NLpbhtGrldNHyZgkktl2Jw9T/ESc0=",
            "source_code_size": 3526279,
            "tags": {},
            "tags_all": {
              "appid": "APP-696"
            },
            "timeout": 60,
            "timeouts": null,
            "tracing_config": [
              {
                "mode": "PassThrough"
              }
            ],
            "version": "$LATEST",
            "vpc_config": [
              {
                "security_group_ids": [
                  "sg-06c2f648df63043f2"
                ],
                "subnet_ids": [
                  "subnet-0661182d2dbd72db8",
                  "subnet-08d5096f8e82a6dc5",
                  "subnet-096fb8e48c4f9bfb7",
                  "subnet-09aaab3ea7077c33f",
                  "subnet-09ff494f2e8eae257",
                  "subnet-0f4e03d45e0bf0515"
                ],
                "vpc_id": "vpc-04b979ade2810c650"
              }
            ]
          },
          "sensitive_attributes": [],
          "private": "eyJlMmJmYjczMC1lY2FhLTExZTYtOGY4OC0zNDM2M2JjN2M0YzAiOnsiY3JlYXRlIjo2MDAwMDAwMDAwMDAsImRlbGV0ZSI6NjAwMDAwMDAwMDAwLCJ1cGRhdGUiOjYwMDAwMDAwMDAwMH19",
          "dependencies": [
            "module.database.aws_security_group.rds_postgres",
            "module.database.data.aws_caller_identity.current",
            "module.database.data.aws_region.current",
            "module.database.data.aws_subnets.compute",
            "module.database.data.aws_vpc.default"
          ]
        }
      ]
    },
    {
      "module": "module.database",
      "mode": "managed",
      "type": "aws_lambda_permission",
      "name": "allow_secret_manager_call_Lambda",
      "provider": "provider[\"registry.terraform.io/hashicorp/aws\"]",
      "instances": [
        {
          "schema_version": 0,
          "attributes": {
            "action": "lambda:InvokeFunction",
            "event_source_token": null,
            "function_name": "be-dev-rotate-rds-password-fn",
            "function_url_auth_type": null,
            "id": "AllowExecutionSecretManager",
            "principal": "secretsmanager.amazonaws.com",
            "principal_org_id": null,
            "qualifier": "",
            "source_account": null,
            "source_arn": null,
            "statement_id": "AllowExecutionSecretManager",
            "statement_id_prefix": ""
          },
          "sensitive_attributes": [],
          "private": "bnVsbA==",
          "dependencies": [
            "module.database.aws_lambda_function.rotate",
            "module.database.aws_security_group.rds_postgres",
            "module.database.data.aws_caller_identity.current",
            "module.database.data.aws_region.current",
            "module.database.data.aws_subnets.compute",
            "module.database.data.aws_vpc.default"
          ]
        }
      ]
    },
    {
      "module": "module.database",
      "mode": "managed",
      "type": "aws_secretsmanager_secret",
      "name": "db_secretmanager_secret",
      "provider": "provider[\"registry.terraform.io/hashicorp/aws\"]",
      "instances": [
        {
          "schema_version": 0,
          "attributes": {
            "arn": "arn:aws:secretsmanager:us-east-1:765827814541:secret:be-dev-db-postgresql-secret-w4wO71",
            "description": "",
            "force_overwrite_replica_secret": false,
            "id": "arn:aws:secretsmanager:us-east-1:765827814541:secret:be-dev-db-postgresql-secret-w4wO71",
            "kms_key_id": "de7b8a76-ac2e-464c-b2d6-e5399ba92d1f",
            "name": "be-dev-db-postgresql-secret",
            "name_prefix": "",
            "policy": "",
            "recovery_window_in_days": 30,
            "replica": [],
            "tags": {},
            "tags_all": {
              "appid": "APP-696"
            }
          },
          "sensitive_attributes": [],
          "private": "bnVsbA==",
          "dependencies": [
            "module.database.aws_kms_key.rds_kms"
          ]
        }
      ]
    },
    {
      "module": "module.database",
      "mode": "managed",
      "type": "aws_secretsmanager_secret_rotation",
      "name": "db_secretmanager_rotation",
      "provider": "provider[\"registry.terraform.io/hashicorp/aws\"]",
      "instances": [
        {
          "schema_version": 0,
          "attributes": {
            "id": "arn:aws:secretsmanager:us-east-1:765827814541:secret:be-dev-db-postgresql-secret-w4wO71",
            "rotation_enabled": true,
            "rotation_lambda_arn": "arn:aws:lambda:us-east-1:765827814541:function:be-dev-rotate-rds-password-fn",
            "rotation_rules": [
              {
                "automatically_after_days": 180,
                "duration": "",
                "schedule_expression": ""
              }
            ],
            "secret_id": "arn:aws:secretsmanager:us-east-1:765827814541:secret:be-dev-db-postgresql-secret-w4wO71"
          },
          "sensitive_attributes": [],
          "private": "bnVsbA==",
          "dependencies": [
            "module.database.aws_kms_key.rds_kms",
            "module.database.aws_lambda_function.rotate",
            "module.database.aws_secretsmanager_secret.db_secretmanager_secret",
            "module.database.aws_security_group.rds_postgres",
            "module.database.data.aws_caller_identity.current",
            "module.database.data.aws_region.current",
            "module.database.data.aws_subnets.compute",
            "module.database.data.aws_vpc.default"
          ]
        }
      ]
    },
    {
      "module": "module.database",
      "mode": "managed",
      "type": "aws_secretsmanager_secret_version",
      "name": "example",
      "provider": "provider[\"registry.terraform.io/hashicorp/aws\"]",
      "instances": [
        {
          "schema_version": 0,
          "attributes": {
            "arn": "arn:aws:secretsmanager:us-east-1:765827814541:secret:be-dev-db-postgresql-secret-w4wO71",
            "id": "arn:aws:secretsmanager:us-east-1:765827814541:secret:be-dev-db-postgresql-secret-w4wO71|479B73E2-6500-4E3F-A6FB-33496EC7FF50",
            "secret_binary": "",
            "secret_id": "arn:aws:secretsmanager:us-east-1:765827814541:secret:be-dev-db-postgresql-secret-w4wO71",
            "secret_string": "{\"db_name\":\"be\",\"engine\":\"postgres\",\"host\":\"be-dev-db-postgresql.co9dh8tdl1f4.us-east-1.rds.amazonaws.com\",\"password\":\"zXpYZL9suAUpl27c\",\"port\":5432,\"username\":\"postgres\"}",
            "version_id": "479B73E2-6500-4E3F-A6FB-33496EC7FF50",
            "version_stages": [
              "AWSCURRENT"
            ]
          },
          "sensitive_attributes": [],
          "private": "bnVsbA==",
          "dependencies": [
            "module.database.aws_db_instance.default",
            "module.database.aws_db_parameter_group.parameter_group",
            "module.database.aws_db_subnet_group.db",
            "module.database.aws_kms_key.rds_kms",
            "module.database.aws_secretsmanager_secret.db_secretmanager_secret",
            "module.database.aws_security_group.rds_postgres",
            "module.database.data.aws_subnets.data",
            "module.database.data.aws_vpc.default",
            "random_password.db_pass"
          ]
        }
      ]
    },
    {
      "module": "module.database",
      "mode": "managed",
      "type": "aws_security_group",
      "name": "rds_postgres",
      "provider": "provider[\"registry.terraform.io/hashicorp/aws\"]",
      "instances": [
        {
          "schema_version": 1,
          "attributes": {
            "arn": "arn:aws:ec2:us-east-1:765827814541:security-group/sg-06c2f648df63043f2",
            "description": "Allow traffic to Postgress RDS",
            "egress": [],
            "id": "sg-06c2f648df63043f2",
            "ingress": [
              {
                "cidr_blocks": [
                  "0.0.0.0/0"
                ],
                "description": "",
                "from_port": 5432,
                "ipv6_cidr_blocks": [],
                "prefix_list_ids": [],
                "protocol": "tcp",
                "security_groups": [],
                "self": false,
                "to_port": 5432
              },
              {
                "cidr_blocks": [
                  "172.31.0.0/16"
                ],
                "description": "",
                "from_port": 5432,
                "ipv6_cidr_blocks": [],
                "prefix_list_ids": [],
                "protocol": "tcp",
                "security_groups": [],
                "self": false,
                "to_port": 5432
              }
            ],
            "name": "be-dev-be-rds-postgress-sg",
            "name_prefix": "",
            "owner_id": "765827814541",
            "revoke_rules_on_delete": false,
            "tags": {
              "appid": "APP-696",
              "cloud_provider": "aws",
              "env": "dev",
              "lob": "be",
              "platform": "microservices",
              "project": "be"
            },
            "tags_all": {
              "appid": "APP-696",
              "cloud_provider": "aws",
              "env": "dev",
              "lob": "be",
              "platform": "microservices",
              "project": "be"
            },
            "timeouts": null,
            "vpc_id": "vpc-04b979ade2810c650"
          },
          "sensitive_attributes": [],
          "private": "eyJlMmJmYjczMC1lY2FhLTExZTYtOGY4OC0zNDM2M2JjN2M0YzAiOnsiY3JlYXRlIjo2MDAwMDAwMDAwMDAsImRlbGV0ZSI6OTAwMDAwMDAwMDAwfSwic2NoZW1hX3ZlcnNpb24iOiIxIn0=",
          "dependencies": [
            "module.database.data.aws_vpc.default"
          ]
        }
      ]
    },
    {
      "module": "module.database",
      "mode": "managed",
      "type": "aws_vpc_security_group_ingress_rule",
      "name": "rds_postgress_ingress",
      "provider": "provider[\"registry.terraform.io/hashicorp/aws\"]",
      "instances": [
        {
          "schema_version": 0,
          "attributes": {
            "arn": "arn:aws:ec2:us-east-1:765827814541:security-group-rule/sgr-04f1679be1188da14",
            "cidr_ipv4": "172.31.0.0/16",
            "cidr_ipv6": null,
            "description": null,
            "from_port": 5432,
            "id": "sgr-04f1679be1188da14",
            "ip_protocol": "tcp",
            "prefix_list_id": null,
            "referenced_security_group_id": null,
            "security_group_id": "sg-06c2f648df63043f2",
            "security_group_rule_id": "sgr-04f1679be1188da14",
            "tags": null,
            "tags_all": {
              "appid": "APP-696"
            },
            "to_port": 5432
          },
          "sensitive_attributes": [],
          "dependencies": [
            "module.database.aws_security_group.rds_postgres",
            "module.database.data.aws_vpc.default"
          ]
        }
      ]
    }
  ],
  "check_results": null
}
